
Microsoft Visual Studio Solution File, Format Version 12.00
# Visual Studio Version 17
VisualStudioVersion = 17.7.34221.43
MinimumVisualStudioVersion = 10.0.40219.1
Project("{FAE04EC0-301F-11D3-BF4B-00C04F79EFBC}") = "FlippingCardsGame", "FlippingCardsGame.csproj", "{04C9F034-F94C-41B6-AC35-F8E65185DBAB}"
EndProject
Global
	GlobalSection(SolutionConfigurationPlatforms) = preSolution
		Debug|Any CPU = Debug|Any CPU
		Release|Any CPU = Release|Any CPU
	EndGlobalSection
	GlobalSection(ProjectConfigurationPlatforms) = postSolution
		{04C9F034-F94C-41B6-AC35-F8E65185DBAB}.Debug|Any CPU.ActiveCfg = Debug|Any CPU
		{04C9F034-F94C-41B6-AC35-F8E65185DBAB}.Debug|Any CPU.Build.0 = Debug|Any CPU
		{04C9F034-F94C-41B6-AC35-F8E65185DBAB}.Release|Any CPU.ActiveCfg = Release|Any CPU
		{04C9F034-F94C-41B6-AC35-F8E65185DBAB}.Release|Any CPU.Build.0 = Release|Any CPU
	EndGlobalSection
	GlobalSection(SolutionProperties) = preSolution
		HideSolutionNode = FALSE
	EndGlobalSection
	GlobalSection(ExtensibilityGlobals) = postSolution
		SolutionGuid = {573604FC-C5BB-429C-842D-C657268950B4}
	EndGlobalSection
EndGlobal
